{
  "name": "node_app_c",
  "version": "1.0.0",
  "lockfileVersion": 3,
  "requires": true,
  "packages": {
    "": {
      "name": "node_app_c",
      "version": "1.0.0",
      "license": "ISC",
      "dependencies": {
        "node_app_a": "github:ebobo/node_app_a_repo#main",
        "node_app_b": "github:ebobo/node_app_b_repo#main"
      }
    },
    "node_modules/node_app_a": {
      "version": "1.0.1",
      "resolved": "git+ssh://git@github.com/ebobo/node_app_a_repo.git#c8006856b886b6e9099b161691aee7488d022b57",
      "license": "ISC"
    },
    "node_modules/node_app_b": {
      "version": "1.0.1",
      "resolved": "git+ssh://git@github.com/ebobo/node_app_b_repo.git#9fb4abf6a97ecb4d1b38a964769cffb46ac71d0f",
      "license": "ISC"
    }
  }
}
